
Microsoft Visual Studio Solution File, Format Version 12.00
# Visual Studio 14
VisualStudioVersion = 14.0.23107.0
MinimumVisualStudioVersion = 10.0.40219.1
Project("{2150E333-8FDC-42A3-9474-1A3956D46DE8}") = "Fibonachi", "Fibonachi", "{FF74DD17-4645-4365-9657-96315E5D638B}"
EndProject
Project("{2150E333-8FDC-42A3-9474-1A3956D46DE8}") = "Collections", "Collections", "{B23DCA28-3C7F-41EA-BD90-3BF1EA8F3ED5}"
EndProject
Project("{2150E333-8FDC-42A3-9474-1A3956D46DE8}") = "BinaryTree", "BinaryTree", "{08787C22-7597-4CC2-B838-FBD211A27C9B}"
EndProject
Project("{2150E333-8FDC-42A3-9474-1A3956D46DE8}") = "Matrix", "Matrix", "{CCC71B96-F41A-4D42-BE17-DE8E1708A567}"
EndProject
Project("{FAE04EC0-301F-11D3-BF4B-00C04F79EFBC}") = "FibonachiDLL", "FibonachiDLL\FibonachiDLL.csproj", "{102DF22A-846E-4087-A432-411475FC807F}"
EndProject
Project("{2150E333-8FDC-42A3-9474-1A3956D46DE8}") = "Tests", "Tests", "{BC5B822A-6431-4273-BB9E-5B9D88E27CF8}"
EndProject
Project("{FAE04EC0-301F-11D3-BF4B-00C04F79EFBC}") = "FibonachiNTest", "FibonachiNTest\FibonachiNTest.csproj", "{067456C0-086C-46A8-B37F-1405717B7BFC}"
EndProject
Project("{FAE04EC0-301F-11D3-BF4B-00C04F79EFBC}") = "YieldCollection", "YieldCollection\YieldCollection.csproj", "{B8CC8466-E37B-454B-A0BD-2845C9777091}"
EndProject
Project("{FAE04EC0-301F-11D3-BF4B-00C04F79EFBC}") = "YieldcollectionNTest", "YieldcollectionNTest\YieldcollectionNTest.csproj", "{65A3A6E9-D35E-429A-B309-6AFF0B5A97AA}"
EndProject
Project("{FAE04EC0-301F-11D3-BF4B-00C04F79EFBC}") = "Tree", "BinaryTree\Tree.csproj", "{A5CF3A1F-0411-4C44-8AAA-1670E86AADB8}"
EndProject
Project("{FAE04EC0-301F-11D3-BF4B-00C04F79EFBC}") = "BinaryTreeNTest", "BinaryTreeTest\BinaryTreeNTest.csproj", "{1A610A8E-DC2A-424E-A14B-D71B2FDBA7D7}"
EndProject
Project("{FAE04EC0-301F-11D3-BF4B-00C04F79EFBC}") = "MatrixNTests", "MatrixNTests\MatrixNTests.csproj", "{6AAA8C73-6720-45C2-803B-E2D5E161EF38}"
EndProject
Project("{FAE04EC0-301F-11D3-BF4B-00C04F79EFBC}") = "Matrixs", "Matrix\Matrixs.csproj", "{E9E21CB1-1619-44CC-9961-54B5A7DA7958}"
EndProject
Global
	GlobalSection(SolutionConfigurationPlatforms) = preSolution
		Debug|Any CPU = Debug|Any CPU
		Release|Any CPU = Release|Any CPU
	EndGlobalSection
	GlobalSection(ProjectConfigurationPlatforms) = postSolution
		{102DF22A-846E-4087-A432-411475FC807F}.Debug|Any CPU.ActiveCfg = Debug|Any CPU
		{102DF22A-846E-4087-A432-411475FC807F}.Debug|Any CPU.Build.0 = Debug|Any CPU
		{102DF22A-846E-4087-A432-411475FC807F}.Release|Any CPU.ActiveCfg = Release|Any CPU
		{102DF22A-846E-4087-A432-411475FC807F}.Release|Any CPU.Build.0 = Release|Any CPU
		{067456C0-086C-46A8-B37F-1405717B7BFC}.Debug|Any CPU.ActiveCfg = Debug|Any CPU
		{067456C0-086C-46A8-B37F-1405717B7BFC}.Debug|Any CPU.Build.0 = Debug|Any CPU
		{067456C0-086C-46A8-B37F-1405717B7BFC}.Release|Any CPU.ActiveCfg = Release|Any CPU
		{067456C0-086C-46A8-B37F-1405717B7BFC}.Release|Any CPU.Build.0 = Release|Any CPU
		{B8CC8466-E37B-454B-A0BD-2845C9777091}.Debug|Any CPU.ActiveCfg = Debug|Any CPU
		{B8CC8466-E37B-454B-A0BD-2845C9777091}.Debug|Any CPU.Build.0 = Debug|Any CPU
		{B8CC8466-E37B-454B-A0BD-2845C9777091}.Release|Any CPU.ActiveCfg = Release|Any CPU
		{B8CC8466-E37B-454B-A0BD-2845C9777091}.Release|Any CPU.Build.0 = Release|Any CPU
		{65A3A6E9-D35E-429A-B309-6AFF0B5A97AA}.Debug|Any CPU.ActiveCfg = Debug|Any CPU
		{65A3A6E9-D35E-429A-B309-6AFF0B5A97AA}.Debug|Any CPU.Build.0 = Debug|Any CPU
		{65A3A6E9-D35E-429A-B309-6AFF0B5A97AA}.Release|Any CPU.ActiveCfg = Release|Any CPU
		{65A3A6E9-D35E-429A-B309-6AFF0B5A97AA}.Release|Any CPU.Build.0 = Release|Any CPU
		{A5CF3A1F-0411-4C44-8AAA-1670E86AADB8}.Debug|Any CPU.ActiveCfg = Debug|Any CPU
		{A5CF3A1F-0411-4C44-8AAA-1670E86AADB8}.Debug|Any CPU.Build.0 = Debug|Any CPU
		{A5CF3A1F-0411-4C44-8AAA-1670E86AADB8}.Release|Any CPU.ActiveCfg = Release|Any CPU
		{A5CF3A1F-0411-4C44-8AAA-1670E86AADB8}.Release|Any CPU.Build.0 = Release|Any CPU
		{1A610A8E-DC2A-424E-A14B-D71B2FDBA7D7}.Debug|Any CPU.ActiveCfg = Debug|Any CPU
		{1A610A8E-DC2A-424E-A14B-D71B2FDBA7D7}.Debug|Any CPU.Build.0 = Debug|Any CPU
		{1A610A8E-DC2A-424E-A14B-D71B2FDBA7D7}.Release|Any CPU.ActiveCfg = Release|Any CPU
		{1A610A8E-DC2A-424E-A14B-D71B2FDBA7D7}.Release|Any CPU.Build.0 = Release|Any CPU
		{6AAA8C73-6720-45C2-803B-E2D5E161EF38}.Debug|Any CPU.ActiveCfg = Debug|Any CPU
		{6AAA8C73-6720-45C2-803B-E2D5E161EF38}.Debug|Any CPU.Build.0 = Debug|Any CPU
		{6AAA8C73-6720-45C2-803B-E2D5E161EF38}.Release|Any CPU.ActiveCfg = Release|Any CPU
		{6AAA8C73-6720-45C2-803B-E2D5E161EF38}.Release|Any CPU.Build.0 = Release|Any CPU
		{E9E21CB1-1619-44CC-9961-54B5A7DA7958}.Debug|Any CPU.ActiveCfg = Debug|Any CPU
		{E9E21CB1-1619-44CC-9961-54B5A7DA7958}.Debug|Any CPU.Build.0 = Debug|Any CPU
		{E9E21CB1-1619-44CC-9961-54B5A7DA7958}.Release|Any CPU.ActiveCfg = Release|Any CPU
		{E9E21CB1-1619-44CC-9961-54B5A7DA7958}.Release|Any CPU.Build.0 = Release|Any CPU
	EndGlobalSection
	GlobalSection(SolutionProperties) = preSolution
		HideSolutionNode = FALSE
	EndGlobalSection
	GlobalSection(NestedProjects) = preSolution
		{102DF22A-846E-4087-A432-411475FC807F} = {FF74DD17-4645-4365-9657-96315E5D638B}
		{067456C0-086C-46A8-B37F-1405717B7BFC} = {BC5B822A-6431-4273-BB9E-5B9D88E27CF8}
		{B8CC8466-E37B-454B-A0BD-2845C9777091} = {B23DCA28-3C7F-41EA-BD90-3BF1EA8F3ED5}
		{65A3A6E9-D35E-429A-B309-6AFF0B5A97AA} = {BC5B822A-6431-4273-BB9E-5B9D88E27CF8}
		{A5CF3A1F-0411-4C44-8AAA-1670E86AADB8} = {08787C22-7597-4CC2-B838-FBD211A27C9B}
		{1A610A8E-DC2A-424E-A14B-D71B2FDBA7D7} = {BC5B822A-6431-4273-BB9E-5B9D88E27CF8}
		{6AAA8C73-6720-45C2-803B-E2D5E161EF38} = {BC5B822A-6431-4273-BB9E-5B9D88E27CF8}
		{E9E21CB1-1619-44CC-9961-54B5A7DA7958} = {CCC71B96-F41A-4D42-BE17-DE8E1708A567}
	EndGlobalSection
EndGlobal
